dependencies:
  espressif/dl_fft:
    component_hash: 
      7dadbd644c0d7ba4733cc3726ec4cff6edf27b043725e1115861dec1609a3d28
    dependencies:
    - name: idf
      require: private
      version: '>=5.0'
    source:
      registry_url: https://components.espressif.com
      type: service
    version: 0.3.1
  espressif/eppp_link:
    component_hash: 
      9472e6825f4bb71eca2b39cf1bc92659c1ac60bfd7416560ad033a7dd8641b17
    dependencies:
    - name: espressif/esp_serial_slave_link
      registry_url: https://components.espressif.com
      require: private
      version: ^1.1.0
    - name: idf
      require: private
      version: '>=5.2'
    source:
      registry_url: https://components.espressif.com
      type: service
    version: 1.1.4
  espressif/esp-dsp:
    component_hash: 
      42dce32d46ac93dc11f60d368e29a830e9661c7345d794b8a45c343479cae636
    dependencies:
    - name: idf
      require: private
      version: '>=4.2'
    source:
      registry_url: https://components.espressif.com
      type: service
    version: 1.7.0
  espressif/esp-sr:
    component_hash: 
      46b1f70f8b561714b958d1c455213cca07162755d1b8df53498081199f15136f
    dependencies:
    - name: espressif/dl_fft
      registry_url: https://components.espressif.com
      require: private
      version: '>=0.2.0'
    - name: espressif/esp-dsp
      registry_url: https://components.espressif.com
      require: private
      version: 1.7.0
    - name: idf
      require: private
      version: '>=5.0'
    source:
      registry_url: https://components.espressif.com/
      type: service
    version: 2.3.1
  espressif/esp_codec_dev:
    component_hash: 
      0d9e9bc288156eb55f79338d312e1ebf8c9dfbd5e7d13ef0f20ccb031b4e15cf
    dependencies:
    - name: idf
      require: private
      version: '>=4.0'
    source:
      registry_url: https://components.espressif.com/
      type: service
    version: 1.5.4
  espressif/esp_hosted:
    component_hash: 
      5e1f8af8b51b47714eafb30c59bac952d6abc03125c01cb6a970f368d1e1cb83
    dependencies:
    - name: idf
      require: private
      version: '>=5.3'
    source:
      registry_url: https://components.espressif.com/
      type: service
    version: 2.11.7
  espressif/esp_serial_slave_link:
    component_hash: 
      ac1776806de0a6e371c84e87898bb983e19ce62aa7f1e2e5c4a3b0234a575d2c
    dependencies:
    - name: idf
      require: private
      version: '>=5.0'
    source:
      registry_url: https://components.espressif.com
      type: service
    version: 1.1.2
  espressif/esp_wifi_remote:
    component_hash: 
      67efd839bd84efb94b149a28044f9918473e7f4facf709bf4121744e4927df09
    dependencies:
    - name: espressif/esp_hosted
      registry_url: https://components.espressif.com
      require: private
      rules:
      - if: target in [esp32h2, esp32p4]
      version: '>=2.11'
    - name: espressif/wifi_remote_over_eppp
      registry_url: https://components.espressif.com
      require: private
      version: '>=0.1'
    - name: idf
      require: private
      version: '>=5.3'
    source:
      registry_url: https://components.espressif.com/
      type: service
    version: 1.3.2
  espressif/mqtt:
    component_hash: 
      ffdad5659706b4dc14bc63f8eb73ef765efa015bf7e9adf71c813d52a2dc9342
    dependencies:
    - name: idf
      require: private
      version: '>=5.3'
    source:
      registry_url: https://components.espressif.com/
      type: service
    version: 1.0.0
  espressif/servo:
    component_hash: 
      309c787e48224255fad458cfd9ab86ea53f0fdad1c5e4f6f0c50309990b17108
    dependencies:
    - name: idf
      require: private
      version: '>=4.4'
    source:
      registry_url: https://components.espressif.com/
      type: service
    version: 0.1.0
  espressif/wifi_remote_over_eppp:
    component_hash: 
      ac4d13625cc9f88597cd612d2758580fac287d8ec731b606f2a0720d28cda6cd
    dependencies:
    - name: espressif/eppp_link
      registry_url: https://components.espressif.com
      require: private
      version: '>=0.1'
    - name: idf
      require: private
      version: '>=5.3'
    source:
      registry_url: https://components.espressif.com
      type: service
    version: 0.3.1
  idf:
    source:
      type: idf
    version: 5.5.2
  jmattsson/picotts:
    component_hash: 
      b028bdbd5ef12c7fc20e2f54d534066462336608e8b19876088817e6fcc1f82c
    dependencies: []
    source:
      registry_url: https://components.espressif.com/
      type: service
    version: 1.1.3
  lvgl/lvgl:
    component_hash: 
      17e68bfd21f0edf4c3ee838e2273da840bf3930e5dbc3bfa6c1190c3aed41f9f
    dependencies: []
    source:
      registry_url: https://components.espressif.com/
      type: service
    version: 9.4.0
direct_dependencies:
- espressif/esp-sr
- espressif/esp_codec_dev
- espressif/esp_hosted
- espressif/esp_wifi_remote
- espressif/mqtt
- espressif/servo
- jmattsson/picotts
- lvgl/lvgl
manifest_hash: 075d7b0d25783a46b2f6be124b55a21b32a45daa2a92ac9043257342a41279c6
target: esp32p4
version: 2.0.0
